{
    "_readme": [
        "This file locks the dependencies of your project to a known state",
        "Read more about it at https://getcomposer.org/doc/01-basic-usage.md#composer-lock-the-lock-file",
        "This file is @generated automatically"
    ],
    "hash": "eafbddccc47e67feddce7938d95b1c6c",
    "content-hash": "9aec6f709f22ec6d1bef08d85d3470df",
    "packages": [
        {
            "name": "datadog/php-datadogstatsd",
            "version": "0.3.0",
            "source": {
                "type": "git",
                "url": "https://github.com/DataDog/php-datadogstatsd.git",
                "reference": "bbec5ea0049604c93f932cec45324a046b1acb1c"
            },
            "dist": {
                "type": "zip",
                "url": "https://api.github.com/repos/DataDog/php-datadogstatsd/zipball/bbec5ea0049604c93f932cec45324a046b1acb1c",
                "reference": "bbec5ea0049604c93f932cec45324a046b1acb1c",
                "shasum": ""
            },
            "require": {
                "php": ">=5.3.0"
            },
            "type": "library",
            "autoload": {
                "classmap": [
                    "libraries/"
                ]
            },
            "notification-url": "https://packagist.org/downloads/",
            "license": [
                "MIT"
            ],
            "authors": [
                {
                    "name": "Alex Corley",
                    "email": "anthroprose@gmail.com",
                    "role": "Developer"
                },
                {
                    "name": "Datadog",
                    "email": "dev@datadoghq.com",
                    "role": "Developer"
                }
            ],
            "description": "This is an extremely simple PHP datadogstatsd client",
            "homepage": "https://www.datadoghq.com/",
            "keywords": [
                "DataDog",
                "php"
            ],
            "time": "2015-07-27 19:08:40"
        }
    ],
    "packages-dev": [],
    "aliases": [],
    "minimum-stability": "stable",
    "stability-flags": [],
    "prefer-stable": false,
    "prefer-lowest": false,
    "platform": [],
    "platform-dev": []
}
